// !$*UTF8*$!
{
	archiveVersion = 1;
	classes = {
	};
	objectVersion = 50;
	objects = {

/* Begin PBXBuildFile section */
		3A1290CB24DF192400007525 /* AppDelegate.swift in Sources */ = {isa = PBXBuildFile; fileRef = 3A1290CA24DF192400007525 /* AppDelegate.swift */; };
		3A1290CD24DF192400007525 /* SceneDelegate.swift in Sources */ = {isa = PBXBuildFile; fileRef = 3A1290CC24DF192400007525 /* SceneDelegate.swift */; };
		3A1290CF24DF192400007525 /* ContentView.swift in Sources */ = {isa = PBXBuildFile; fileRef = 3A1290CE24DF192400007525 /* ContentView.swift */; };
		3A1290D124DF192700007525 /* Assets.xcassets in Resources */ = {isa = PBXBuildFile; fileRef = 3A1290D024DF192700007525 /* Assets.xcassets */; };
		3A1290D424DF192700007525 /* Preview Assets.xcassets in Resources */ = {isa = PBXBuildFile; fileRef = 3A1290D324DF192700007525 /* Preview Assets.xcassets */; };
		3A1290D724DF192700007525 /* LaunchScreen.storyboard in Resources */ = {isa = PBXBuildFile; fileRef = 3A1290D524DF192700007525 /* LaunchScreen.storyboard */; };
		3A1290E324DF29DE00007525 /* OrderListView.swift in Sources */ = {isa = PBXBuildFile; fileRef = 3A1290E224DF29DE00007525 /* OrderListView.swift */; };
		3A1290E524DF2B2F00007525 /* MenuListView.swift in Sources */ = {isa = PBXBuildFile; fileRef = 3A1290E424DF2B2F00007525 /* MenuListView.swift */; };
		3A1290E724DF2BFC00007525 /* ContentHeaderView.swift in Sources */ = {isa = PBXBuildFile; fileRef = 3A1290E624DF2BFC00007525 /* ContentHeaderView.swift */; };
		3A1290E924DF2D7800007525 /* OrderRowView.swift in Sources */ = {isa = PBXBuildFile; fileRef = 3A1290E824DF2D7800007525 /* OrderRowView.swift */; };
		3A1290EB24DF2DED00007525 /* MenuRowView.swift in Sources */ = {isa = PBXBuildFile; fileRef = 3A1290EA24DF2DED00007525 /* MenuRowView.swift */; };
		3A1290ED24DF2E5700007525 /* RatingsView.swift in Sources */ = {isa = PBXBuildFile; fileRef = 3A1290EC24DF2E5700007525 /* RatingsView.swift */; };
		3A1290EF24DF2F3D00007525 /* PageTitleView.swift in Sources */ = {isa = PBXBuildFile; fileRef = 3A1290EE24DF2F3D00007525 /* PageTitleView.swift */; };
		3A1290F124DF316B00007525 /* HistoryRowView.swift in Sources */ = {isa = PBXBuildFile; fileRef = 3A1290F024DF316B00007525 /* HistoryRowView.swift */; };
		3A1290F524DF354C00007525 /* HistoryListView.swift in Sources */ = {isa = PBXBuildFile; fileRef = 3A1290F424DF354C00007525 /* HistoryListView.swift */; };
		3A1290F724DF35AC00007525 /* HistoryView.swift in Sources */ = {isa = PBXBuildFile; fileRef = 3A1290F624DF35AC00007525 /* HistoryView.swift */; };
		3A1290F924DF37EA00007525 /* ListHeaderView.swift in Sources */ = {isa = PBXBuildFile; fileRef = 3A1290F824DF37EA00007525 /* ListHeaderView.swift */; };
		3A1290FB24DF77E000007525 /* SelectedImageView.swift in Sources */ = {isa = PBXBuildFile; fileRef = 3A1290FA24DF77E000007525 /* SelectedImageView.swift */; };
		3A1290FE24DF830200007525 /* MenuModel.swift in Sources */ = {isa = PBXBuildFile; fileRef = 3A1290FC24DF830200007525 /* MenuModel.swift */; };
		3A1290FF24DF830200007525 /* OrderModel.swift in Sources */ = {isa = PBXBuildFile; fileRef = 3A1290FD24DF830200007525 /* OrderModel.swift */; };
		3A12910124DF830B00007525 /* HistoryModel.swift in Sources */ = {isa = PBXBuildFile; fileRef = 3A12910024DF830B00007525 /* HistoryModel.swift */; };
		3A12910324DF889A00007525 /* MenuDetailView.swift in Sources */ = {isa = PBXBuildFile; fileRef = 3A12910224DF889A00007525 /* MenuDetailView.swift */; };
		3A12910524DF991000007525 /* HistoryDetailView.swift in Sources */ = {isa = PBXBuildFile; fileRef = 3A12910424DF991000007525 /* HistoryDetailView.swift */; };
		3A88AFBC24E05BB300E93F89 /* RootTabView.swift in Sources */ = {isa = PBXBuildFile; fileRef = 3A88AFBB24E05BB300E93F89 /* RootTabView.swift */; };
		3A88AFBE24E0605800E93F89 /* ConfirmView.swift in Sources */ = {isa = PBXBuildFile; fileRef = 3A88AFBD24E0605800E93F89 /* ConfirmView.swift */; };
		3A88AFC024E0766700E93F89 /* MapViewController.swift in Sources */ = {isa = PBXBuildFile; fileRef = 3A88AFBF24E0766700E93F89 /* MapViewController.swift */; };
		3A88AFC224E076B600E93F89 /* MapView.swift in Sources */ = {isa = PBXBuildFile; fileRef = 3A88AFC124E076B600E93F89 /* MapView.swift */; };
/* End PBXBuildFile section */

/* Begin PBXFileReference section */
		3A1290C724DF192400007525 /* HuliPizza.app */ = {isa = PBXFileReference; explicitFileType = wrapper.application; includeInIndex = 0; path = HuliPizza.app; sourceTree = BUILT_PRODUCTS_DIR; };
		3A1290CA24DF192400007525 /* AppDelegate.swift */ = {isa = PBXFileReference; lastKnownFileType = sourcecode.swift; path = AppDelegate.swift; sourceTree = "<group>"; };
		3A1290CC24DF192400007525 /* SceneDelegate.swift */ = {isa = PBXFileReference; lastKnownFileType = sourcecode.swift; path = SceneDelegate.swift; sourceTree = "<group>"; };
		3A1290CE24DF192400007525 /* ContentView.swift */ = {isa = PBXFileReference; lastKnownFileType = sourcecode.swift; path = ContentView.swift; sourceTree = "<group>"; };
		3A1290D024DF192700007525 /* Assets.xcassets */ = {isa = PBXFileReference; lastKnownFileType = folder.assetcatalog; path = Assets.xcassets; sourceTree = "<group>"; };
		3A1290D324DF192700007525 /* Preview Assets.xcassets */ = {isa = PBXFileReference; lastKnownFileType = folder.assetcatalog; path = "Preview Assets.xcassets"; sourceTree = "<group>"; };
		3A1290D624DF192700007525 /* Base */ = {isa = PBXFileReference; lastKnownFileType = file.storyboard; name = Base; path = Base.lproj/LaunchScreen.storyboard; sourceTree = "<group>"; };
		3A1290D824DF192700007525 /* Info.plist */ = {isa = PBXFileReference; lastKnownFileType = text.plist.xml; path = Info.plist; sourceTree = "<group>"; };
		3A1290E224DF29DE00007525 /* OrderListView.swift */ = {isa = PBXFileReference; lastKnownFileType = sourcecode.swift; path = OrderListView.swift; sourceTree = "<group>"; };
		3A1290E424DF2B2F00007525 /* MenuListView.swift */ = {isa = PBXFileReference; lastKnownFileType = sourcecode.swift; path = MenuListView.swift; sourceTree = "<group>"; };
		3A1290E624DF2BFC00007525 /* ContentHeaderView.swift */ = {isa = PBXFileReference; lastKnownFileType = sourcecode.swift; path = ContentHeaderView.swift; sourceTree = "<group>"; };
		3A1290E824DF2D7800007525 /* OrderRowView.swift */ = {isa = PBXFileReference; lastKnownFileType = sourcecode.swift; path = OrderRowView.swift; sourceTree = "<group>"; };
		3A1290EA24DF2DED00007525 /* MenuRowView.swift */ = {isa = PBXFileReference; lastKnownFileType = sourcecode.swift; path = MenuRowView.swift; sourceTree = "<group>"; };
		3A1290EC24DF2E5700007525 /* RatingsView.swift */ = {isa = PBXFileReference; lastKnownFileType = sourcecode.swift; path = RatingsView.swift; sourceTree = "<group>"; };
		3A1290EE24DF2F3D00007525 /* PageTitleView.swift */ = {isa = PBXFileReference; lastKnownFileType = sourcecode.swift; path = PageTitleView.swift; sourceTree = "<group>"; };
		3A1290F024DF316B00007525 /* HistoryRowView.swift */ = {isa = PBXFileReference; lastKnownFileType = sourcecode.swift; path = HistoryRowView.swift; sourceTree = "<group>"; };
		3A1290F424DF354C00007525 /* HistoryListView.swift */ = {isa = PBXFileReference; lastKnownFileType = sourcecode.swift; path = HistoryListView.swift; sourceTree = "<group>"; };
		3A1290F624DF35AC00007525 /* HistoryView.swift */ = {isa = PBXFileReference; lastKnownFileType = sourcecode.swift; path = HistoryView.swift; sourceTree = "<group>"; };
		3A1290F824DF37EA00007525 /* ListHeaderView.swift */ = {isa = PBXFileReference; lastKnownFileType = sourcecode.swift; path = ListHeaderView.swift; sourceTree = "<group>"; };
		3A1290FA24DF77E000007525 /* SelectedImageView.swift */ = {isa = PBXFileReference; lastKnownFileType = sourcecode.swift; path = SelectedImageView.swift; sourceTree = "<group>"; };
		3A1290FC24DF830200007525 /* MenuModel.swift */ = {isa = PBXFileReference; fileEncoding = 4; lastKnownFileType = sourcecode.swift; path = MenuModel.swift; sourceTree = "<group>"; };
		3A1290FD24DF830200007525 /* OrderModel.swift */ = {isa = PBXFileReference; fileEncoding = 4; lastKnownFileType = sourcecode.swift; path = OrderModel.swift; sourceTree = "<group>"; };
		3A12910024DF830B00007525 /* HistoryModel.swift */ = {isa = PBXFileReference; fileEncoding = 4; lastKnownFileType = sourcecode.swift; path = HistoryModel.swift; sourceTree = "<group>"; };
		3A12910224DF889A00007525 /* MenuDetailView.swift */ = {isa = PBXFileReference; fileEncoding = 4; lastKnownFileType = sourcecode.swift; path = MenuDetailView.swift; sourceTree = "<group>"; };
		3A12910424DF991000007525 /* HistoryDetailView.swift */ = {isa = PBXFileReference; fileEncoding = 4; lastKnownFileType = sourcecode.swift; path = HistoryDetailView.swift; sourceTree = "<group>"; };
		3A88AFBB24E05BB300E93F89 /* RootTabView.swift */ = {isa = PBXFileReference; lastKnownFileType = sourcecode.swift; path = RootTabView.swift; sourceTree = "<group>"; };
		3A88AFBD24E0605800E93F89 /* ConfirmView.swift */ = {isa = PBXFileReference; fileEncoding = 4; lastKnownFileType = sourcecode.swift; path = ConfirmView.swift; sourceTree = "<group>"; };
		3A88AFBF24E0766700E93F89 /* MapViewController.swift */ = {isa = PBXFileReference; fileEncoding = 4; lastKnownFileType = sourcecode.swift; path = MapViewController.swift; sourceTree = "<group>"; };
		3A88AFC124E076B600E93F89 /* MapView.swift */ = {isa = PBXFileReference; lastKnownFileType = sourcecode.swift; path = MapView.swift; sourceTree = "<group>"; };
/* End PBXFileReference section */

/* Begin PBXFrameworksBuildPhase section */
		3A1290C424DF192400007525 /* Frameworks */ = {
			isa = PBXFrameworksBuildPhase;
			buildActionMask = 2147483647;
			files = (
			);
			runOnlyForDeploymentPostprocessing = 0;
		};
/* End PBXFrameworksBuildPhase section */

/* Begin PBXGroup section */
		3A1290BE24DF192400007525 = {
			isa = PBXGroup;
			children = (
				3A1290C924DF192400007525 /* HuliPizza */,
				3A1290C824DF192400007525 /* Products */,
			);
			sourceTree = "<group>";
		};
		3A1290C824DF192400007525 /* Products */ = {
			isa = PBXGroup;
			children = (
				3A1290C724DF192400007525 /* HuliPizza.app */,
			);
			name = Products;
			sourceTree = "<group>";
		};
		3A1290C924DF192400007525 /* HuliPizza */ = {
			isa = PBXGroup;
			children = (
				3A1290CE24DF192400007525 /* ContentView.swift */,
				3A88AFBB24E05BB300E93F89 /* RootTabView.swift */,
				3A1290E624DF2BFC00007525 /* ContentHeaderView.swift */,
				3A1290EE24DF2F3D00007525 /* PageTitleView.swift */,
				3A1290F824DF37EA00007525 /* ListHeaderView.swift */,
				3A1290FA24DF77E000007525 /* SelectedImageView.swift */,
				3A1290E124DF299300007525 /* OrderView */,
				3A1290DE24DF297000007525 /* MenuView */,
				3A1290E024DF298300007525 /* HistoryView */,
				3A1290DF24DF297D00007525 /* Model */,
				3A1290CA24DF192400007525 /* AppDelegate.swift */,
				3A1290CC24DF192400007525 /* SceneDelegate.swift */,
				3A1290D024DF192700007525 /* Assets.xcassets */,
				3A1290D524DF192700007525 /* LaunchScreen.storyboard */,
				3A1290D824DF192700007525 /* Info.plist */,
				3A1290D224DF192700007525 /* Preview Content */,
			);
			path = HuliPizza;
			sourceTree = "<group>";
		};
		3A1290D224DF192700007525 /* Preview Content */ = {
			isa = PBXGroup;
			children = (
				3A1290D324DF192700007525 /* Preview Assets.xcassets */,
			);
			path = "Preview Content";
			sourceTree = "<group>";
		};
		3A1290DE24DF297000007525 /* MenuView */ = {
			isa = PBXGroup;
			children = (
				3A1290E424DF2B2F00007525 /* MenuListView.swift */,
				3A1290EA24DF2DED00007525 /* MenuRowView.swift */,
				3A12910224DF889A00007525 /* MenuDetailView.swift */,
				3A1290EC24DF2E5700007525 /* RatingsView.swift */,
				3A88AFBD24E0605800E93F89 /* ConfirmView.swift */,
			);
			path = MenuView;
			sourceTree = "<group>";
		};
		3A1290DF24DF297D00007525 /* Model */ = {
			isa = PBXGroup;
			children = (
				3A12910024DF830B00007525 /* HistoryModel.swift */,
				3A1290FC24DF830200007525 /* MenuModel.swift */,
				3A1290FD24DF830200007525 /* OrderModel.swift */,
			);
			path = Model;
			sourceTree = "<group>";
		};
		3A1290E024DF298300007525 /* HistoryView */ = {
			isa = PBXGroup;
			children = (
				3A88AFBF24E0766700E93F89 /* MapViewController.swift */,
				3A88AFC124E076B600E93F89 /* MapView.swift */,
				3A1290F024DF316B00007525 /* HistoryRowView.swift */,
				3A1290F424DF354C00007525 /* HistoryListView.swift */,
				3A12910424DF991000007525 /* HistoryDetailView.swift */,
				3A1290F624DF35AC00007525 /* HistoryView.swift */,
			);
			path = HistoryView;
			sourceTree = "<group>";
		};
		3A1290E124DF299300007525 /* OrderView */ = {
			isa = PBXGroup;
			children = (
				3A1290E224DF29DE00007525 /* OrderListView.swift */,
				3A1290E824DF2D7800007525 /* OrderRowView.swift */,
			);
			path = OrderView;
			sourceTree = "<group>";
		};
/* End PBXGroup section */

/* Begin PBXNativeTarget section */
		3A1290C624DF192400007525 /* HuliPizza */ = {
			isa = PBXNativeTarget;
			buildConfigurationList = 3A1290DB24DF192700007525 /* Build configuration list for PBXNativeTarget "HuliPizza" */;
			buildPhases = (
				3A1290C324DF192400007525 /* Sources */,
				3A1290C424DF192400007525 /* Frameworks */,
				3A1290C524DF192400007525 /* Resources */,
			);
			buildRules = (
			);
			dependencies = (
			);
			name = HuliPizza;
			productName = HuliPizza;
			productReference = 3A1290C724DF192400007525 /* HuliPizza.app */;
			productType = "com.apple.product-type.application";
		};
/* End PBXNativeTarget section */

/* Begin PBXProject section */
		3A1290BF24DF192400007525 /* Project object */ = {
			isa = PBXProject;
			attributes = {
				LastSwiftUpdateCheck = 1160;
				LastUpgradeCheck = 1160;
				ORGANIZATIONNAME = "Thotsana Mabotsa";
				TargetAttributes = {
					3A1290C624DF192400007525 = {
						CreatedOnToolsVersion = 11.6;
					};
				};
			};
			buildConfigurationList = 3A1290C224DF192400007525 /* Build configuration list for PBXProject "HuliPizza" */;
			compatibilityVersion = "Xcode 9.3";
			developmentRegion = en;
			hasScannedForEncodings = 0;
			knownRegions = (
				en,
				Base,
			);
			mainGroup = 3A1290BE24DF192400007525;
			productRefGroup = 3A1290C824DF192400007525 /* Products */;
			projectDirPath = "";
			projectRoot = "";
			targets = (
				3A1290C624DF192400007525 /* HuliPizza */,
			);
		};
/* End PBXProject section */

/* Begin PBXResourcesBuildPhase section */
		3A1290C524DF192400007525 /* Resources */ = {
			isa = PBXResourcesBuildPhase;
			buildActionMask = 2147483647;
			files = (
				3A1290D724DF192700007525 /* LaunchScreen.storyboard in Resources */,
				3A1290D424DF192700007525 /* Preview Assets.xcassets in Resources */,
				3A1290D124DF192700007525 /* Assets.xcassets in Resources */,
			);
			runOnlyForDeploymentPostprocessing = 0;
		};
/* End PBXResourcesBuildPhase section */

/* Begin PBXSourcesBuildPhase section */
		3A1290C324DF192400007525 /* Sources */ = {
			isa = PBXSourcesBuildPhase;
			buildActionMask = 2147483647;
			files = (
				3A1290FF24DF830200007525 /* OrderModel.swift in Sources */,
				3A88AFC224E076B600E93F89 /* MapView.swift in Sources */,
				3A1290FE24DF830200007525 /* MenuModel.swift in Sources */,
				3A12910524DF991000007525 /* HistoryDetailView.swift in Sources */,
				3A12910324DF889A00007525 /* MenuDetailView.swift in Sources */,
				3A12910124DF830B00007525 /* HistoryModel.swift in Sources */,
				3A1290CB24DF192400007525 /* AppDelegate.swift in Sources */,
				3A1290E524DF2B2F00007525 /* MenuListView.swift in Sources */,
				3A88AFBC24E05BB300E93F89 /* RootTabView.swift in Sources */,
				3A1290EF24DF2F3D00007525 /* PageTitleView.swift in Sources */,
				3A88AFC024E0766700E93F89 /* MapViewController.swift in Sources */,
				3A1290E324DF29DE00007525 /* OrderListView.swift in Sources */,
				3A1290F724DF35AC00007525 /* HistoryView.swift in Sources */,
				3A1290E724DF2BFC00007525 /* ContentHeaderView.swift in Sources */,
				3A1290ED24DF2E5700007525 /* RatingsView.swift in Sources */,
				3A1290FB24DF77E000007525 /* SelectedImageView.swift in Sources */,
				3A1290F924DF37EA00007525 /* ListHeaderView.swift in Sources */,
				3A1290F124DF316B00007525 /* HistoryRowView.swift in Sources */,
				3A1290EB24DF2DED00007525 /* MenuRowView.swift in Sources */,
				3A1290CD24DF192400007525 /* SceneDelegate.swift in Sources */,
				3A1290F524DF354C00007525 /* HistoryListView.swift in Sources */,
				3A88AFBE24E0605800E93F89 /* ConfirmView.swift in Sources */,
				3A1290E924DF2D7800007525 /* OrderRowView.swift in Sources */,
				3A1290CF24DF192400007525 /* ContentView.swift in Sources */,
			);
			runOnlyForDeploymentPostprocessing = 0;
		};
/* End PBXSourcesBuildPhase section */

/* Begin PBXVariantGroup section */
		3A1290D524DF192700007525 /* LaunchScreen.storyboard */ = {
			isa = PBXVariantGroup;
			children = (
				3A1290D624DF192700007525 /* Base */,
			);
			name = LaunchScreen.storyboard;
			sourceTree = "<group>";
		};
/* End PBXVariantGroup section */

/* Begin XCBuildConfiguration section */
		3A1290D924DF192700007525 /* Debug */ = {
			isa = XCBuildConfiguration;
			buildSettings = {
				ALWAYS_SEARCH_USER_PATHS = NO;
				CLANG_ANALYZER_NONNULL = YES;
				CLANG_ANALYZER_NUMBER_OBJECT_CONVERSION = YES_AGGRESSIVE;
				CLANG_CXX_LANGUAGE_STANDARD = "gnu++14";
				CLANG_CXX_LIBRARY = "libc++";
				CLANG_ENABLE_MODULES = YES;
				CLANG_ENABLE_OBJC_ARC = YES;
				CLANG_ENABLE_OBJC_WEAK = YES;
				CLANG_WARN_BLOCK_CAPTURE_AUTORELEASING = YES;
				CLANG_WARN_BOOL_CONVERSION = YES;
				CLANG_WARN_COMMA = YES;
				CLANG_WARN_CONSTANT_CONVERSION = YES;
				CLANG_WARN_DEPRECATED_OBJC_IMPLEMENTATIONS = YES;
				CLANG_WARN_DIRECT_OBJC_ISA_USAGE = YES_ERROR;
				CLANG_WARN_DOCUMENTATION_COMMENTS = YES;
				CLANG_WARN_EMPTY_BODY = YES;
				CLANG_WARN_ENUM_CONVERSION = YES;
				CLANG_WARN_INFINITE_RECURSION = YES;
				CLANG_WARN_INT_CONVERSION = YES;
				CLANG_WARN_NON_LITERAL_NULL_CONVERSION = YES;
				CLANG_WARN_OBJC_IMPLICIT_RETAIN_SELF = YES;
				CLANG_WARN_OBJC_LITERAL_CONVERSION = YES;
				CLANG_WARN_OBJC_ROOT_CLASS = YES_ERROR;
				CLANG_WARN_RANGE_LOOP_ANALYSIS = YES;
				CLANG_WARN_STRICT_PROTOTYPES = YES;
				CLANG_WARN_SUSPICIOUS_MOVE = YES;
				CLANG_WARN_UNGUARDED_AVAILABILITY = YES_AGGRESSIVE;
				CLANG_WARN_UNREACHABLE_CODE = YES;
				CLANG_WARN__DUPLICATE_METHOD_MATCH = YES;
				COPY_PHASE_STRIP = NO;
				DEBUG_INFORMATION_FORMAT = dwarf;
				ENABLE_STRICT_OBJC_MSGSEND = YES;
				ENABLE_TESTABILITY = YES;
				GCC_C_LANGUAGE_STANDARD = gnu11;
				GCC_DYNAMIC_NO_PIC = NO;
				GCC_NO_COMMON_BLOCKS = YES;
				GCC_OPTIMIZATION_LEVEL = 0;
				GCC_PREPROCESSOR_DEFINITIONS = (
					"DEBUG=1",
					"$(inherited)",
				);
				GCC_WARN_64_TO_32_BIT_CONVERSION = YES;
				GCC_WARN_ABOUT_RETURN_TYPE = YES_ERROR;
				GCC_WARN_UNDECLARED_SELECTOR = YES;
				GCC_WARN_UNINITIALIZED_AUTOS = YES_AGGRESSIVE;
				GCC_WARN_UNUSED_FUNCTION = YES;
				GCC_WARN_UNUSED_VARIABLE = YES;
				IPHONEOS_DEPLOYMENT_TARGET = 13.6;
				MTL_ENABLE_DEBUG_INFO = INCLUDE_SOURCE;
				MTL_FAST_MATH = YES;
				ONLY_ACTIVE_ARCH = YES;
				SDKROOT = iphoneos;
				SWIFT_ACTIVE_COMPILATION_CONDITIONS = DEBUG;
				SWIFT_OPTIMIZATION_LEVEL = "-Onone";
			};
			name = Debug;
		};
		3A1290DA24DF192700007525 /* Release */ = {
			isa = XCBuildConfiguration;
			buildSettings = {
				ALWAYS_SEARCH_USER_PATHS = NO;
				CLANG_ANALYZER_NONNULL = YES;
				CLANG_ANALYZER_NUMBER_OBJECT_CONVERSION = YES_AGGRESSIVE;
				CLANG_CXX_LANGUAGE_STANDARD = "gnu++14";
				CLANG_CXX_LIBRARY = "libc++";
				CLANG_ENABLE_MODULES = YES;
				CLANG_ENABLE_OBJC_ARC = YES;
				CLANG_ENABLE_OBJC_WEAK = YES;
				CLANG_WARN_BLOCK_CAPTURE_AUTORELEASING = YES;
				CLANG_WARN_BOOL_CONVERSION = YES;
				CLANG_WARN_COMMA = YES;
				CLANG_WARN_CONSTANT_CONVERSION = YES;
				CLANG_WARN_DEPRECATED_OBJC_IMPLEMENTATIONS = YES;
				CLANG_WARN_DIRECT_OBJC_ISA_USAGE = YES_ERROR;
				CLANG_WARN_DOCUMENTATION_COMMENTS = YES;
				CLANG_WARN_EMPTY_BODY = YES;
				CLANG_WARN_ENUM_CONVERSION = YES;
				CLANG_WARN_INFINITE_RECURSION = YES;
				CLANG_WARN_INT_CONVERSION = YES;
				CLANG_WARN_NON_LITERAL_NULL_CONVERSION = YES;
				CLANG_WARN_OBJC_IMPLICIT_RETAIN_SELF = YES;
				CLANG_WARN_OBJC_LITERAL_CONVERSION = YES;
				CLANG_WARN_OBJC_ROOT_CLASS = YES_ERROR;
				CLANG_WARN_RANGE_LOOP_ANALYSIS = YES;
				CLANG_WARN_STRICT_PROTOTYPES = YES;
				CLANG_WARN_SUSPICIOUS_MOVE = YES;
				CLANG_WARN_UNGUARDED_AVAILABILITY = YES_AGGRESSIVE;
				CLANG_WARN_UNREACHABLE_CODE = YES;
				CLANG_WARN__DUPLICATE_METHOD_MATCH = YES;
				COPY_PHASE_STRIP = NO;
				DEBUG_INFORMATION_FORMAT = "dwarf-with-dsym";
				ENABLE_NS_ASSERTIONS = NO;
				ENABLE_STRICT_OBJC_MSGSEND = YES;
				GCC_C_LANGUAGE_STANDARD = gnu11;
				GCC_NO_COMMON_BLOCKS = YES;
				GCC_WARN_64_TO_32_BIT_CONVERSION = YES;
				GCC_WARN_ABOUT_RETURN_TYPE = YES_ERROR;
				GCC_WARN_UNDECLARED_SELECTOR = YES;
				GCC_WARN_UNINITIALIZED_AUTOS = YES_AGGRESSIVE;
				GCC_WARN_UNUSED_FUNCTION = YES;
				GCC_WARN_UNUSED_VARIABLE = YES;
				IPHONEOS_DEPLOYMENT_TARGET = 13.6;
				MTL_ENABLE_DEBUG_INFO = NO;
				MTL_FAST_MATH = YES;
				SDKROOT = iphoneos;
				SWIFT_COMPILATION_MODE = wholemodule;
				SWIFT_OPTIMIZATION_LEVEL = "-O";
				VALIDATE_PRODUCT = YES;
			};
			name = Release;
		};
		3A1290DC24DF192700007525 /* Debug */ = {
			isa = XCBuildConfiguration;
			buildSettings = {
				ASSETCATALOG_COMPILER_APPICON_NAME = AppIcon;
				CODE_SIGN_STYLE = Automatic;
				DEVELOPMENT_ASSET_PATHS = "\"HuliPizza/Preview Content\"";
				DEVELOPMENT_TEAM = 7C535NZYGP;
				ENABLE_PREVIEWS = YES;
				INFOPLIST_FILE = HuliPizza/Info.plist;
				LD_RUNPATH_SEARCH_PATHS = (
					"$(inherited)",
					"@executable_path/Frameworks",
				);
				PRODUCT_BUNDLE_IDENTIFIER = com.standardbank.HuliPizza;
				PRODUCT_NAME = "$(TARGET_NAME)";
				SWIFT_VERSION = 5.0;
				TARGETED_DEVICE_FAMILY = "1,2";
			};
			name = Debug;
		};
		3A1290DD24DF192700007525 /* Release */ = {
			isa = XCBuildConfiguration;
			buildSettings = {
				ASSETCATALOG_COMPILER_APPICON_NAME = AppIcon;
				CODE_SIGN_STYLE = Automatic;
				DEVELOPMENT_ASSET_PATHS = "\"HuliPizza/Preview Content\"";
				DEVELOPMENT_TEAM = 7C535NZYGP;
				ENABLE_PREVIEWS = YES;
				INFOPLIST_FILE = HuliPizza/Info.plist;
				LD_RUNPATH_SEARCH_PATHS = (
					"$(inherited)",
					"@executable_path/Frameworks",
				);
				PRODUCT_BUNDLE_IDENTIFIER = com.standardbank.HuliPizza;
				PRODUCT_NAME = "$(TARGET_NAME)";
				SWIFT_VERSION = 5.0;
				TARGETED_DEVICE_FAMILY = "1,2";
			};
			name = Release;
		};
/* End XCBuildConfiguration section */

/* Begin XCConfigurationList section */
		3A1290C224DF192400007525 /* Build configuration list for PBXProject "HuliPizza" */ = {
			isa = XCConfigurationList;
			buildConfigurations = (
				3A1290D924DF192700007525 /* Debug */,
				3A1290DA24DF192700007525 /* Release */,
			);
			defaultConfigurationIsVisible = 0;
			defaultConfigurationName = Release;
		};
		3A1290DB24DF192700007525 /* Build configuration list for PBXNativeTarget "HuliPizza" */ = {
			isa = XCConfigurationList;
			buildConfigurations = (
				3A1290DC24DF192700007525 /* Debug */,
				3A1290DD24DF192700007525 /* Release */,
			);
			defaultConfigurationIsVisible = 0;
			defaultConfigurationName = Release;
		};
/* End XCConfigurationList section */
	};
	rootObject = 3A1290BF24DF192400007525 /* Project object */;
}
